
Microsoft Visual Studio Solution File, Format Version 12.00
# Visual Studio Version 17
VisualStudioVersion = 17.13.35825.156 d17.13
MinimumVisualStudioVersion = 10.0.40219.1
Project("{FAE04EC0-301F-11D3-BF4B-00C04F79EFBC}") = "ScreenSentinel.WindowsService", "ScreenSentinel.WindowsService\ScreenSentinel.WindowsService.csproj", "{AB8ECDD1-59FC-4F3E-AACD-988EE2A5CDFB}"
EndProject
Global
	GlobalSection(SolutionConfigurationPlatforms) = preSolution
		Debug|Any CPU = Debug|Any CPU
		Release|Any CPU = Release|Any CPU
	EndGlobalSection
	GlobalSection(ProjectConfigurationPlatforms) = postSolution
		{AB8ECDD1-59FC-4F3E-AACD-988EE2A5CDFB}.Debug|Any CPU.ActiveCfg = Debug|Any CPU
		{AB8ECDD1-59FC-4F3E-AACD-988EE2A5CDFB}.Debug|Any CPU.Build.0 = Debug|Any CPU
		{AB8ECDD1-59FC-4F3E-AACD-988EE2A5CDFB}.Release|Any CPU.ActiveCfg = Release|Any CPU
		{AB8ECDD1-59FC-4F3E-AACD-988EE2A5CDFB}.Release|Any CPU.Build.0 = Release|Any CPU
	EndGlobalSection
	GlobalSection(SolutionProperties) = preSolution
		HideSolutionNode = FALSE
	EndGlobalSection
	GlobalSection(ExtensibilityGlobals) = postSolution
		SolutionGuid = {F8013E09-E0B7-4654-BAB3-E2456B3C81A8}
	EndGlobalSection
EndGlobal
